
Microsoft Visual Studio Solution File, Format Version 12.00
# Visual Studio Version 17
VisualStudioVersion = 17.7.34018.315
MinimumVisualStudioVersion = 10.0.40219.1
Project("{9A19103F-16F7-4668-BE54-9A1E7A4F7556}") = "TBP", "TBP\TBP.csproj", "{7FA37980-43F7-4566-AD9E-53C63112909E}"
EndProject
Global
	GlobalSection(SolutionConfigurationPlatforms) = preSolution
		Debug|Any CPU = Debug|Any CPU
		Release|Any CPU = Release|Any CPU
	EndGlobalSection
	GlobalSection(ProjectConfigurationPlatforms) = postSolution
		{7FA37980-43F7-4566-AD9E-53C63112909E}.Debug|Any CPU.ActiveCfg = Debug|Any CPU
		{7FA37980-43F7-4566-AD9E-53C63112909E}.Debug|Any CPU.Build.0 = Debug|Any CPU
		{7FA37980-43F7-4566-AD9E-53C63112909E}.Release|Any CPU.ActiveCfg = Release|Any CPU
		{7FA37980-43F7-4566-AD9E-53C63112909E}.Release|Any CPU.Build.0 = Release|Any CPU
	EndGlobalSection
	GlobalSection(SolutionProperties) = preSolution
		HideSolutionNode = FALSE
	EndGlobalSection
	GlobalSection(ExtensibilityGlobals) = postSolution
		SolutionGuid = {4A830906-0841-4739-B492-34966ACB3418}
	EndGlobalSection
EndGlobal
